{
  "name": "examples",
  "lockfileVersion": 3,
  "requires": true,
  "packages": {
    "": {
      "dependencies": {
        "@grucloud/bau": "^0.106.0"
      }
    },
    "node_modules/@grucloud/bau": {
      "version": "0.106.0",
      "resolved": "https://registry.npmjs.org/@grucloud/bau/-/bau-0.106.0.tgz",
      "integrity": "sha512-MqJQNiN8OJTOEuybFkywq+0pwkjkwjIuWgejD0Zb4sAsYj0U5y19gDDSnEg0YkTMIFoNT9NyC8Lh0DQ+eh5TpA==",
      "license": "BSD"
    }
  }
}
